
Microsoft Visual Studio Solution File, Format Version 12.00
# Visual Studio Version 17
VisualStudioVersion = 17.10.34916.146
MinimumVisualStudioVersion = 10.0.40219.1
Project("{FAE04EC0-301F-11D3-BF4B-00C04F79EFBC}") = "DawnWallpaper", "DawnWallpaper.csproj", "{67EAB002-AC2A-4945-AFEB-7669F0DD76EF}"
EndProject
Global
	GlobalSection(SolutionConfigurationPlatforms) = preSolution
		Debug|Any CPU = Debug|Any CPU
		Release|Any CPU = Release|Any CPU
	EndGlobalSection
	GlobalSection(ProjectConfigurationPlatforms) = postSolution
		{67EAB002-AC2A-4945-AFEB-7669F0DD76EF}.Debug|Any CPU.ActiveCfg = Debug|Any CPU
		{67EAB002-AC2A-4945-AFEB-7669F0DD76EF}.Debug|Any CPU.Build.0 = Debug|Any CPU
		{67EAB002-AC2A-4945-AFEB-7669F0DD76EF}.Release|Any CPU.ActiveCfg = Release|Any CPU
		{67EAB002-AC2A-4945-AFEB-7669F0DD76EF}.Release|Any CPU.Build.0 = Release|Any CPU
	EndGlobalSection
	GlobalSection(SolutionProperties) = preSolution
		HideSolutionNode = FALSE
	EndGlobalSection
	GlobalSection(ExtensibilityGlobals) = postSolution
		SolutionGuid = {1CB826D8-354A-4D71-9B35-9D081BFF548C}
	EndGlobalSection
EndGlobal
